
Microsoft Visual Studio Solution File, Format Version 12.00
# Visual Studio Version 17
VisualStudioVersion = 17.11.35222.181
MinimumVisualStudioVersion = 10.0.40219.1
Project("{FAE04EC0-301F-11D3-BF4B-00C04F79EFBC}") = "DesafioSuite", "DesafioSuite\DesafioSuite.csproj", "{4DD82225-6E24-4546-9259-8DCB3CB7C6D4}"
EndProject
Project("{FAE04EC0-301F-11D3-BF4B-00C04F79EFBC}") = "DesafioCelular", "DesafioCelular\DesafioCelular.csproj", "{4442DCA1-2697-4551-9DA3-799A3E99864C}"
EndProject
Global
	GlobalSection(SolutionConfigurationPlatforms) = preSolution
		Debug|Any CPU = Debug|Any CPU
		Release|Any CPU = Release|Any CPU
	EndGlobalSection
	GlobalSection(ProjectConfigurationPlatforms) = postSolution
		{4DD82225-6E24-4546-9259-8DCB3CB7C6D4}.Debug|Any CPU.ActiveCfg = Debug|Any CPU
		{4DD82225-6E24-4546-9259-8DCB3CB7C6D4}.Debug|Any CPU.Build.0 = Debug|Any CPU
		{4DD82225-6E24-4546-9259-8DCB3CB7C6D4}.Release|Any CPU.ActiveCfg = Release|Any CPU
		{4DD82225-6E24-4546-9259-8DCB3CB7C6D4}.Release|Any CPU.Build.0 = Release|Any CPU
		{4442DCA1-2697-4551-9DA3-799A3E99864C}.Debug|Any CPU.ActiveCfg = Debug|Any CPU
		{4442DCA1-2697-4551-9DA3-799A3E99864C}.Debug|Any CPU.Build.0 = Debug|Any CPU
		{4442DCA1-2697-4551-9DA3-799A3E99864C}.Release|Any CPU.ActiveCfg = Release|Any CPU
		{4442DCA1-2697-4551-9DA3-799A3E99864C}.Release|Any CPU.Build.0 = Release|Any CPU
	EndGlobalSection
	GlobalSection(SolutionProperties) = preSolution
		HideSolutionNode = FALSE
	EndGlobalSection
	GlobalSection(ExtensibilityGlobals) = postSolution
		SolutionGuid = {DDCD0D3A-B95E-485C-AC4C-1A0D5FDBE13D}
	EndGlobalSection
EndGlobal
